// !$*UTF8*$!
{
	archiveVersion = 1;
	classes = {
	};
	objectVersion = 55;
	objects = {

/* Begin PBXBuildFile section */
		8378C56E273F67E20024E02A /* ScoresViewModel.swift in Sources */ = {isa = PBXBuildFile; fileRef = 8378C56D273F67E20024E02A /* ScoresViewModel.swift */; };
		8378C570273F6E940024E02A /* ScoresView.swift in Sources */ = {isa = PBXBuildFile; fileRef = 8378C56F273F6E940024E02A /* ScoresView.swift */; };
		8378C572273F6F830024E02A /* ScoreRowView.swift in Sources */ = {isa = PBXBuildFile; fileRef = 8378C571273F6F830024E02A /* ScoreRowView.swift */; };
		8378C575273F79CE0024E02A /* Score.swift in Sources */ = {isa = PBXBuildFile; fileRef = 8378C574273F79CE0024E02A /* Score.swift */; };
		83BAEAFC273CBDCC008B1A45 /* Sport_ScoresApp.swift in Sources */ = {isa = PBXBuildFile; fileRef = 83BAEAFB273CBDCC008B1A45 /* Sport_ScoresApp.swift */; };
		83BAEAFE273CBDCC008B1A45 /* ContentView.swift in Sources */ = {isa = PBXBuildFile; fileRef = 83BAEAFD273CBDCC008B1A45 /* ContentView.swift */; };
		83BAEB00273CBDCD008B1A45 /* Assets.xcassets in Resources */ = {isa = PBXBuildFile; fileRef = 83BAEAFF273CBDCD008B1A45 /* Assets.xcassets */; };
		83BAEB03273CBDCD008B1A45 /* Preview Assets.xcassets in Resources */ = {isa = PBXBuildFile; fileRef = 83BAEB02273CBDCD008B1A45 /* Preview Assets.xcassets */; };
		83BAEB0D273CBDCD008B1A45 /* Sport_ScoresTests.swift in Sources */ = {isa = PBXBuildFile; fileRef = 83BAEB0C273CBDCD008B1A45 /* Sport_ScoresTests.swift */; };
		83BAEB17273CBDCD008B1A45 /* Sport_ScoresUITests.swift in Sources */ = {isa = PBXBuildFile; fileRef = 83BAEB16273CBDCD008B1A45 /* Sport_ScoresUITests.swift */; };
		83BAEB19273CBDCD008B1A45 /* Sport_ScoresUITestsLaunchTests.swift in Sources */ = {isa = PBXBuildFile; fileRef = 83BAEB18273CBDCD008B1A45 /* Sport_ScoresUITestsLaunchTests.swift */; };
		83BAEB27273D6CCE008B1A45 /* API Responses.swift in Sources */ = {isa = PBXBuildFile; fileRef = 83BAEB26273D6CCE008B1A45 /* API Responses.swift */; };
		83BAEB2D273E0EFD008B1A45 /* ContentViewModel.swift in Sources */ = {isa = PBXBuildFile; fileRef = 83BAEB2C273E0EFD008B1A45 /* ContentViewModel.swift */; };
/* End PBXBuildFile section */

/* Begin PBXContainerItemProxy section */
		83BAEB09273CBDCD008B1A45 /* PBXContainerItemProxy */ = {
			isa = PBXContainerItemProxy;
			containerPortal = 83BAEAF0273CBDCC008B1A45 /* Project object */;
			proxyType = 1;
			remoteGlobalIDString = 83BAEAF7273CBDCC008B1A45;
			remoteInfo = "Sport Scores";
		};
		83BAEB13273CBDCD008B1A45 /* PBXContainerItemProxy */ = {
			isa = PBXContainerItemProxy;
			containerPortal = 83BAEAF0273CBDCC008B1A45 /* Project object */;
			proxyType = 1;
			remoteGlobalIDString = 83BAEAF7273CBDCC008B1A45;
			remoteInfo = "Sport Scores";
		};
/* End PBXContainerItemProxy section */

/* Begin PBXFileReference section */
		8378C56D273F67E20024E02A /* ScoresViewModel.swift */ = {isa = PBXFileReference; lastKnownFileType = sourcecode.swift; path = ScoresViewModel.swift; sourceTree = "<group>"; };
		8378C56F273F6E940024E02A /* ScoresView.swift */ = {isa = PBXFileReference; lastKnownFileType = sourcecode.swift; path = ScoresView.swift; sourceTree = "<group>"; };
		8378C571273F6F830024E02A /* ScoreRowView.swift */ = {isa = PBXFileReference; lastKnownFileType = sourcecode.swift; path = ScoreRowView.swift; sourceTree = "<group>"; };
		8378C574273F79CE0024E02A /* Score.swift */ = {isa = PBXFileReference; lastKnownFileType = sourcecode.swift; path = Score.swift; sourceTree = "<group>"; };
		83BAEAF8273CBDCC008B1A45 /* Sport Scores.app */ = {isa = PBXFileReference; explicitFileType = wrapper.application; includeInIndex = 0; path = "Sport Scores.app"; sourceTree = BUILT_PRODUCTS_DIR; };
		83BAEAFB273CBDCC008B1A45 /* Sport_ScoresApp.swift */ = {isa = PBXFileReference; lastKnownFileType = sourcecode.swift; path = Sport_ScoresApp.swift; sourceTree = "<group>"; };
		83BAEAFD273CBDCC008B1A45 /* ContentView.swift */ = {isa = PBXFileReference; lastKnownFileType = sourcecode.swift; path = ContentView.swift; sourceTree = "<group>"; };
		83BAEAFF273CBDCD008B1A45 /* Assets.xcassets */ = {isa = PBXFileReference; lastKnownFileType = folder.assetcatalog; path = Assets.xcassets; sourceTree = "<group>"; };
		83BAEB02273CBDCD008B1A45 /* Preview Assets.xcassets */ = {isa = PBXFileReference; lastKnownFileType = folder.assetcatalog; path = "Preview Assets.xcassets"; sourceTree = "<group>"; };
		83BAEB08273CBDCD008B1A45 /* Sport ScoresTests.xctest */ = {isa = PBXFileReference; explicitFileType = wrapper.cfbundle; includeInIndex = 0; path = "Sport ScoresTests.xctest"; sourceTree = BUILT_PRODUCTS_DIR; };
		83BAEB0C273CBDCD008B1A45 /* Sport_ScoresTests.swift */ = {isa = PBXFileReference; lastKnownFileType = sourcecode.swift; path = Sport_ScoresTests.swift; sourceTree = "<group>"; };
		83BAEB12273CBDCD008B1A45 /* Sport ScoresUITests.xctest */ = {isa = PBXFileReference; explicitFileType = wrapper.cfbundle; includeInIndex = 0; path = "Sport ScoresUITests.xctest"; sourceTree = BUILT_PRODUCTS_DIR; };
		83BAEB16273CBDCD008B1A45 /* Sport_ScoresUITests.swift */ = {isa = PBXFileReference; lastKnownFileType = sourcecode.swift; path = Sport_ScoresUITests.swift; sourceTree = "<group>"; };
		83BAEB18273CBDCD008B1A45 /* Sport_ScoresUITestsLaunchTests.swift */ = {isa = PBXFileReference; lastKnownFileType = sourcecode.swift; path = Sport_ScoresUITestsLaunchTests.swift; sourceTree = "<group>"; };
		83BAEB26273D6CCE008B1A45 /* API Responses.swift */ = {isa = PBXFileReference; lastKnownFileType = sourcecode.swift; path = "API Responses.swift"; sourceTree = "<group>"; };
		83BAEB2C273E0EFD008B1A45 /* ContentViewModel.swift */ = {isa = PBXFileReference; lastKnownFileType = sourcecode.swift; path = ContentViewModel.swift; sourceTree = "<group>"; };
/* End PBXFileReference section */

/* Begin PBXFrameworksBuildPhase section */
		83BAEAF5273CBDCC008B1A45 /* Frameworks */ = {
			isa = PBXFrameworksBuildPhase;
			buildActionMask = 2147483647;
			files = (
			);
			runOnlyForDeploymentPostprocessing = 0;
		};
		83BAEB05273CBDCD008B1A45 /* Frameworks */ = {
			isa = PBXFrameworksBuildPhase;
			buildActionMask = 2147483647;
			files = (
			);
			runOnlyForDeploymentPostprocessing = 0;
		};
		83BAEB0F273CBDCD008B1A45 /* Frameworks */ = {
			isa = PBXFrameworksBuildPhase;
			buildActionMask = 2147483647;
			files = (
			);
			runOnlyForDeploymentPostprocessing = 0;
		};
/* End PBXFrameworksBuildPhase section */

/* Begin PBXGroup section */
		8378C573273F79A80024E02A /* Models */ = {
			isa = PBXGroup;
			children = (
				83BAEB26273D6CCE008B1A45 /* API Responses.swift */,
				8378C574273F79CE0024E02A /* Score.swift */,
			);
			path = Models;
			sourceTree = "<group>";
		};
		83BAEAEF273CBDCC008B1A45 = {
			isa = PBXGroup;
			children = (
				83BAEAFA273CBDCC008B1A45 /* Sport Scores */,
				83BAEB0B273CBDCD008B1A45 /* Sport ScoresTests */,
				83BAEB15273CBDCD008B1A45 /* Sport ScoresUITests */,
				83BAEAF9273CBDCC008B1A45 /* Products */,
			);
			sourceTree = "<group>";
		};
		83BAEAF9273CBDCC008B1A45 /* Products */ = {
			isa = PBXGroup;
			children = (
				83BAEAF8273CBDCC008B1A45 /* Sport Scores.app */,
				83BAEB08273CBDCD008B1A45 /* Sport ScoresTests.xctest */,
				83BAEB12273CBDCD008B1A45 /* Sport ScoresUITests.xctest */,
			);
			name = Products;
			sourceTree = "<group>";
		};
		83BAEAFA273CBDCC008B1A45 /* Sport Scores */ = {
			isa = PBXGroup;
			children = (
				8378C573273F79A80024E02A /* Models */,
				83BAEAFB273CBDCC008B1A45 /* Sport_ScoresApp.swift */,
				83BAEAFD273CBDCC008B1A45 /* ContentView.swift */,
				83BAEAFF273CBDCD008B1A45 /* Assets.xcassets */,
				83BAEB01273CBDCD008B1A45 /* Preview Content */,
				83BAEB2C273E0EFD008B1A45 /* ContentViewModel.swift */,
				8378C56D273F67E20024E02A /* ScoresViewModel.swift */,
				8378C56F273F6E940024E02A /* ScoresView.swift */,
				8378C571273F6F830024E02A /* ScoreRowView.swift */,
			);
			path = "Sport Scores";
			sourceTree = "<group>";
		};
		83BAEB01273CBDCD008B1A45 /* Preview Content */ = {
			isa = PBXGroup;
			children = (
				83BAEB02273CBDCD008B1A45 /* Preview Assets.xcassets */,
			);
			path = "Preview Content";
			sourceTree = "<group>";
		};
		83BAEB0B273CBDCD008B1A45 /* Sport ScoresTests */ = {
			isa = PBXGroup;
			children = (
				83BAEB0C273CBDCD008B1A45 /* Sport_ScoresTests.swift */,
			);
			path = "Sport ScoresTests";
			sourceTree = "<group>";
		};
		83BAEB15273CBDCD008B1A45 /* Sport ScoresUITests */ = {
			isa = PBXGroup;
			children = (
				83BAEB16273CBDCD008B1A45 /* Sport_ScoresUITests.swift */,
				83BAEB18273CBDCD008B1A45 /* Sport_ScoresUITestsLaunchTests.swift */,
			);
			path = "Sport ScoresUITests";
			sourceTree = "<group>";
		};
/* End PBXGroup section */

/* Begin PBXNativeTarget section */
		83BAEAF7273CBDCC008B1A45 /* Sport Scores */ = {
			isa = PBXNativeTarget;
			buildConfigurationList = 83BAEB1C273CBDCD008B1A45 /* Build configuration list for PBXNativeTarget "Sport Scores" */;
			buildPhases = (
				83BAEAF4273CBDCC008B1A45 /* Sources */,
				83BAEAF5273CBDCC008B1A45 /* Frameworks */,
				83BAEAF6273CBDCC008B1A45 /* Resources */,
				8378900D273F1DDB00A3198B /* Swift Lint */,
			);
			buildRules = (
			);
			dependencies = (
			);
			name = "Sport Scores";
			productName = "Sport Scores";
			productReference = 83BAEAF8273CBDCC008B1A45 /* Sport Scores.app */;
			productType = "com.apple.product-type.application";
		};
		83BAEB07273CBDCD008B1A45 /* Sport ScoresTests */ = {
			isa = PBXNativeTarget;
			buildConfigurationList = 83BAEB1F273CBDCD008B1A45 /* Build configuration list for PBXNativeTarget "Sport ScoresTests" */;
			buildPhases = (
				83BAEB04273CBDCD008B1A45 /* Sources */,
				83BAEB05273CBDCD008B1A45 /* Frameworks */,
				83BAEB06273CBDCD008B1A45 /* Resources */,
			);
			buildRules = (
			);
			dependencies = (
				83BAEB0A273CBDCD008B1A45 /* PBXTargetDependency */,
			);
			name = "Sport ScoresTests";
			productName = "Sport ScoresTests";
			productReference = 83BAEB08273CBDCD008B1A45 /* Sport ScoresTests.xctest */;
			productType = "com.apple.product-type.bundle.unit-test";
		};
		83BAEB11273CBDCD008B1A45 /* Sport ScoresUITests */ = {
			isa = PBXNativeTarget;
			buildConfigurationList = 83BAEB22273CBDCD008B1A45 /* Build configuration list for PBXNativeTarget "Sport ScoresUITests" */;
			buildPhases = (
				83BAEB0E273CBDCD008B1A45 /* Sources */,
				83BAEB0F273CBDCD008B1A45 /* Frameworks */,
				83BAEB10273CBDCD008B1A45 /* Resources */,
			);
			buildRules = (
			);
			dependencies = (
				83BAEB14273CBDCD008B1A45 /* PBXTargetDependency */,
			);
			name = "Sport ScoresUITests";
			productName = "Sport ScoresUITests";
			productReference = 83BAEB12273CBDCD008B1A45 /* Sport ScoresUITests.xctest */;
			productType = "com.apple.product-type.bundle.ui-testing";
		};
/* End PBXNativeTarget section */

/* Begin PBXProject section */
		83BAEAF0273CBDCC008B1A45 /* Project object */ = {
			isa = PBXProject;
			attributes = {
				BuildIndependentTargetsInParallel = 1;
				LastSwiftUpdateCheck = 1310;
				LastUpgradeCheck = 1310;
				TargetAttributes = {
					83BAEAF7273CBDCC008B1A45 = {
						CreatedOnToolsVersion = 13.1;
					};
					83BAEB07273CBDCD008B1A45 = {
						CreatedOnToolsVersion = 13.1;
						TestTargetID = 83BAEAF7273CBDCC008B1A45;
					};
					83BAEB11273CBDCD008B1A45 = {
						CreatedOnToolsVersion = 13.1;
						TestTargetID = 83BAEAF7273CBDCC008B1A45;
					};
				};
			};
			buildConfigurationList = 83BAEAF3273CBDCC008B1A45 /* Build configuration list for PBXProject "Sport Scores" */;
			compatibilityVersion = "Xcode 13.0";
			developmentRegion = en;
			hasScannedForEncodings = 0;
			knownRegions = (
				en,
				Base,
			);
			mainGroup = 83BAEAEF273CBDCC008B1A45;
			productRefGroup = 83BAEAF9273CBDCC008B1A45 /* Products */;
			projectDirPath = "";
			projectRoot = "";
			targets = (
				83BAEAF7273CBDCC008B1A45 /* Sport Scores */,
				83BAEB07273CBDCD008B1A45 /* Sport ScoresTests */,
				83BAEB11273CBDCD008B1A45 /* Sport ScoresUITests */,
			);
		};
/* End PBXProject section */

/* Begin PBXResourcesBuildPhase section */
		83BAEAF6273CBDCC008B1A45 /* Resources */ = {
			isa = PBXResourcesBuildPhase;
			buildActionMask = 2147483647;
			files = (
				83BAEB03273CBDCD008B1A45 /* Preview Assets.xcassets in Resources */,
				83BAEB00273CBDCD008B1A45 /* Assets.xcassets in Resources */,
			);
			runOnlyForDeploymentPostprocessing = 0;
		};
		83BAEB06273CBDCD008B1A45 /* Resources */ = {
			isa = PBXResourcesBuildPhase;
			buildActionMask = 2147483647;
			files = (
			);
			runOnlyForDeploymentPostprocessing = 0;
		};
		83BAEB10273CBDCD008B1A45 /* Resources */ = {
			isa = PBXResourcesBuildPhase;
			buildActionMask = 2147483647;
			files = (
			);
			runOnlyForDeploymentPostprocessing = 0;
		};
/* End PBXResourcesBuildPhase section */

/* Begin PBXShellScriptBuildPhase section */
		8378900D273F1DDB00A3198B /* Swift Lint */ = {
			isa = PBXShellScriptBuildPhase;
			buildActionMask = 2147483647;
			files = (
			);
			inputFileListPaths = (
			);
			inputPaths = (
			);
			name = "Swift Lint";
			outputFileListPaths = (
			);
			outputPaths = (
			);
			runOnlyForDeploymentPostprocessing = 0;
			shellPath = /bin/sh;
			shellScript = "if which swiftlint >/dev/null; then\n  swiftlint\nelse\n  echo \"warning: SwiftLint not installed, download from https://github.com/realm/SwiftLint\"\nfi\n";
		};
/* End PBXShellScriptBuildPhase section */

/* Begin PBXSourcesBuildPhase section */
		83BAEAF4273CBDCC008B1A45 /* Sources */ = {
			isa = PBXSourcesBuildPhase;
			buildActionMask = 2147483647;
			files = (
				83BAEB27273D6CCE008B1A45 /* API Responses.swift in Sources */,
				83BAEB2D273E0EFD008B1A45 /* ContentViewModel.swift in Sources */,
				8378C56E273F67E20024E02A /* ScoresViewModel.swift in Sources */,
				8378C570273F6E940024E02A /* ScoresView.swift in Sources */,
				8378C572273F6F830024E02A /* ScoreRowView.swift in Sources */,
				83BAEAFE273CBDCC008B1A45 /* ContentView.swift in Sources */,
				8378C575273F79CE0024E02A /* Score.swift in Sources */,
				83BAEAFC273CBDCC008B1A45 /* Sport_ScoresApp.swift in Sources */,
			);
			runOnlyForDeploymentPostprocessing = 0;
		};
		83BAEB04273CBDCD008B1A45 /* Sources */ = {
			isa = PBXSourcesBuildPhase;
			buildActionMask = 2147483647;
			files = (
				83BAEB0D273CBDCD008B1A45 /* Sport_ScoresTests.swift in Sources */,
			);
			runOnlyForDeploymentPostprocessing = 0;
		};
		83BAEB0E273CBDCD008B1A45 /* Sources */ = {
			isa = PBXSourcesBuildPhase;
			buildActionMask = 2147483647;
			files = (
				83BAEB19273CBDCD008B1A45 /* Sport_ScoresUITestsLaunchTests.swift in Sources */,
				83BAEB17273CBDCD008B1A45 /* Sport_ScoresUITests.swift in Sources */,
			);
			runOnlyForDeploymentPostprocessing = 0;
		};
/* End PBXSourcesBuildPhase section */

/* Begin PBXTargetDependency section */
		83BAEB0A273CBDCD008B1A45 /* PBXTargetDependency */ = {
			isa = PBXTargetDependency;
			target = 83BAEAF7273CBDCC008B1A45 /* Sport Scores */;
			targetProxy = 83BAEB09273CBDCD008B1A45 /* PBXContainerItemProxy */;
		};
		83BAEB14273CBDCD008B1A45 /* PBXTargetDependency */ = {
			isa = PBXTargetDependency;
			target = 83BAEAF7273CBDCC008B1A45 /* Sport Scores */;
			targetProxy = 83BAEB13273CBDCD008B1A45 /* PBXContainerItemProxy */;
		};
/* End PBXTargetDependency section */

/* Begin XCBuildConfiguration section */
		83BAEB1A273CBDCD008B1A45 /* Debug */ = {
			isa = XCBuildConfiguration;
			buildSettings = {
				ALWAYS_SEARCH_USER_PATHS = NO;
				CLANG_ANALYZER_NONNULL = YES;
				CLANG_ANALYZER_NUMBER_OBJECT_CONVERSION = YES_AGGRESSIVE;
				CLANG_CXX_LANGUAGE_STANDARD = "gnu++17";
				CLANG_CXX_LIBRARY = "libc++";
				CLANG_ENABLE_MODULES = YES;
				CLANG_ENABLE_OBJC_ARC = YES;
				CLANG_ENABLE_OBJC_WEAK = YES;
				CLANG_WARN_BLOCK_CAPTURE_AUTORELEASING = YES;
				CLANG_WARN_BOOL_CONVERSION = YES;
				CLANG_WARN_COMMA = YES;
				CLANG_WARN_CONSTANT_CONVERSION = YES;
				CLANG_WARN_DEPRECATED_OBJC_IMPLEMENTATIONS = YES;
				CLANG_WARN_DIRECT_OBJC_ISA_USAGE = YES_ERROR;
				CLANG_WARN_DOCUMENTATION_COMMENTS = YES;
				CLANG_WARN_EMPTY_BODY = YES;
				CLANG_WARN_ENUM_CONVERSION = YES;
				CLANG_WARN_INFINITE_RECURSION = YES;
				CLANG_WARN_INT_CONVERSION = YES;
				CLANG_WARN_NON_LITERAL_NULL_CONVERSION = YES;
				CLANG_WARN_OBJC_IMPLICIT_RETAIN_SELF = YES;
				CLANG_WARN_OBJC_LITERAL_CONVERSION = YES;
				CLANG_WARN_OBJC_ROOT_CLASS = YES_ERROR;
				CLANG_WARN_QUOTED_INCLUDE_IN_FRAMEWORK_HEADER = YES;
				CLANG_WARN_RANGE_LOOP_ANALYSIS = YES;
				CLANG_WARN_STRICT_PROTOTYPES = YES;
				CLANG_WARN_SUSPICIOUS_MOVE = YES;
				CLANG_WARN_UNGUARDED_AVAILABILITY = YES_AGGRESSIVE;
				CLANG_WARN_UNREACHABLE_CODE = YES;
				CLANG_WARN__DUPLICATE_METHOD_MATCH = YES;
				COPY_PHASE_STRIP = NO;
				DEBUG_INFORMATION_FORMAT = dwarf;
				ENABLE_STRICT_OBJC_MSGSEND = YES;
				ENABLE_TESTABILITY = YES;
				GCC_C_LANGUAGE_STANDARD = gnu11;
				GCC_DYNAMIC_NO_PIC = NO;
				GCC_NO_COMMON_BLOCKS = YES;
				GCC_OPTIMIZATION_LEVEL = 0;
				GCC_PREPROCESSOR_DEFINITIONS = (
					"DEBUG=1",
					"$(inherited)",
				);
				GCC_WARN_64_TO_32_BIT_CONVERSION = YES;
				GCC_WARN_ABOUT_RETURN_TYPE = YES_ERROR;
				GCC_WARN_UNDECLARED_SELECTOR = YES;
				GCC_WARN_UNINITIALIZED_AUTOS = YES_AGGRESSIVE;
				GCC_WARN_UNUSED_FUNCTION = YES;
				GCC_WARN_UNUSED_VARIABLE = YES;
				IPHONEOS_DEPLOYMENT_TARGET = 15.0;
				MTL_ENABLE_DEBUG_INFO = INCLUDE_SOURCE;
				MTL_FAST_MATH = YES;
				ONLY_ACTIVE_ARCH = YES;
				SDKROOT = iphoneos;
				SWIFT_ACTIVE_COMPILATION_CONDITIONS = DEBUG;
				SWIFT_OPTIMIZATION_LEVEL = "-Onone";
			};
			name = Debug;
		};
		83BAEB1B273CBDCD008B1A45 /* Release */ = {
			isa = XCBuildConfiguration;
			buildSettings = {
				ALWAYS_SEARCH_USER_PATHS = NO;
				CLANG_ANALYZER_NONNULL = YES;
				CLANG_ANALYZER_NUMBER_OBJECT_CONVERSION = YES_AGGRESSIVE;
				CLANG_CXX_LANGUAGE_STANDARD = "gnu++17";
				CLANG_CXX_LIBRARY = "libc++";
				CLANG_ENABLE_MODULES = YES;
				CLANG_ENABLE_OBJC_ARC = YES;
				CLANG_ENABLE_OBJC_WEAK = YES;
				CLANG_WARN_BLOCK_CAPTURE_AUTORELEASING = YES;
				CLANG_WARN_BOOL_CONVERSION = YES;
				CLANG_WARN_COMMA = YES;
				CLANG_WARN_CONSTANT_CONVERSION = YES;
				CLANG_WARN_DEPRECATED_OBJC_IMPLEMENTATIONS = YES;
				CLANG_WARN_DIRECT_OBJC_ISA_USAGE = YES_ERROR;
				CLANG_WARN_DOCUMENTATION_COMMENTS = YES;
				CLANG_WARN_EMPTY_BODY = YES;
				CLANG_WARN_ENUM_CONVERSION = YES;
				CLANG_WARN_INFINITE_RECURSION = YES;
				CLANG_WARN_INT_CONVERSION = YES;
				CLANG_WARN_NON_LITERAL_NULL_CONVERSION = YES;
				CLANG_WARN_OBJC_IMPLICIT_RETAIN_SELF = YES;
				CLANG_WARN_OBJC_LITERAL_CONVERSION = YES;
				CLANG_WARN_OBJC_ROOT_CLASS = YES_ERROR;
				CLANG_WARN_QUOTED_INCLUDE_IN_FRAMEWORK_HEADER = YES;
				CLANG_WARN_RANGE_LOOP_ANALYSIS = YES;
				CLANG_WARN_STRICT_PROTOTYPES = YES;
				CLANG_WARN_SUSPICIOUS_MOVE = YES;
				CLANG_WARN_UNGUARDED_AVAILABILITY = YES_AGGRESSIVE;
				CLANG_WARN_UNREACHABLE_CODE = YES;
				CLANG_WARN__DUPLICATE_METHOD_MATCH = YES;
				COPY_PHASE_STRIP = NO;
				DEBUG_INFORMATION_FORMAT = "dwarf-with-dsym";
				ENABLE_NS_ASSERTIONS = NO;
				ENABLE_STRICT_OBJC_MSGSEND = YES;
				GCC_C_LANGUAGE_STANDARD = gnu11;
				GCC_NO_COMMON_BLOCKS = YES;
				GCC_WARN_64_TO_32_BIT_CONVERSION = YES;
				GCC_WARN_ABOUT_RETURN_TYPE = YES_ERROR;
				GCC_WARN_UNDECLARED_SELECTOR = YES;
				GCC_WARN_UNINITIALIZED_AUTOS = YES_AGGRESSIVE;
				GCC_WARN_UNUSED_FUNCTION = YES;
				GCC_WARN_UNUSED_VARIABLE = YES;
				IPHONEOS_DEPLOYMENT_TARGET = 15.0;
				MTL_ENABLE_DEBUG_INFO = NO;
				MTL_FAST_MATH = YES;
				SDKROOT = iphoneos;
				SWIFT_COMPILATION_MODE = wholemodule;
				SWIFT_OPTIMIZATION_LEVEL = "-O";
				VALIDATE_PRODUCT = YES;
			};
			name = Release;
		};
		83BAEB1D273CBDCD008B1A45 /* Debug */ = {
			isa = XCBuildConfiguration;
			buildSettings = {
				ASSETCATALOG_COMPILER_APPICON_NAME = AppIcon;
				ASSETCATALOG_COMPILER_GLOBAL_ACCENT_COLOR_NAME = AccentColor;
				CODE_SIGN_STYLE = Automatic;
				CURRENT_PROJECT_VERSION = 1;
				DEVELOPMENT_ASSET_PATHS = "\"Sport Scores/Preview Content\"";
				DEVELOPMENT_TEAM = M3EDHBHQ38;
				ENABLE_PREVIEWS = YES;
				GENERATE_INFOPLIST_FILE = YES;
				INFOPLIST_KEY_UIApplicationSceneManifest_Generation = YES;
				INFOPLIST_KEY_UIApplicationSupportsIndirectInputEvents = YES;
				INFOPLIST_KEY_UILaunchScreen_Generation = YES;
				INFOPLIST_KEY_UISupportedInterfaceOrientations_iPad = "UIInterfaceOrientationPortrait UIInterfaceOrientationPortraitUpsideDown UIInterfaceOrientationLandscapeLeft UIInterfaceOrientationLandscapeRight";
				INFOPLIST_KEY_UISupportedInterfaceOrientations_iPhone = "UIInterfaceOrientationPortrait UIInterfaceOrientationLandscapeLeft UIInterfaceOrientationLandscapeRight";
				LD_RUNPATH_SEARCH_PATHS = (
					"$(inherited)",
					"@executable_path/Frameworks",
				);
				MARKETING_VERSION = 1.0;
				PRODUCT_BUNDLE_IDENTIFIER = "com.g0ld2k.Sport-Scores";
				PRODUCT_NAME = "$(TARGET_NAME)";
				SWIFT_EMIT_LOC_STRINGS = YES;
				SWIFT_VERSION = 5.0;
				TARGETED_DEVICE_FAMILY = "1,2";
			};
			name = Debug;
		};
		83BAEB1E273CBDCD008B1A45 /* Release */ = {
			isa = XCBuildConfiguration;
			buildSettings = {
				ASSETCATALOG_COMPILER_APPICON_NAME = AppIcon;
				ASSETCATALOG_COMPILER_GLOBAL_ACCENT_COLOR_NAME = AccentColor;
				CODE_SIGN_STYLE = Automatic;
				CURRENT_PROJECT_VERSION = 1;
				DEVELOPMENT_ASSET_PATHS = "\"Sport Scores/Preview Content\"";
				DEVELOPMENT_TEAM = M3EDHBHQ38;
				ENABLE_PREVIEWS = YES;
				GENERATE_INFOPLIST_FILE = YES;
				INFOPLIST_KEY_UIApplicationSceneManifest_Generation = YES;
				INFOPLIST_KEY_UIApplicationSupportsIndirectInputEvents = YES;
				INFOPLIST_KEY_UILaunchScreen_Generation = YES;
				INFOPLIST_KEY_UISupportedInterfaceOrientations_iPad = "UIInterfaceOrientationPortrait UIInterfaceOrientationPortraitUpsideDown UIInterfaceOrientationLandscapeLeft UIInterfaceOrientationLandscapeRight";
				INFOPLIST_KEY_UISupportedInterfaceOrientations_iPhone = "UIInterfaceOrientationPortrait UIInterfaceOrientationLandscapeLeft UIInterfaceOrientationLandscapeRight";
				LD_RUNPATH_SEARCH_PATHS = (
					"$(inherited)",
					"@executable_path/Frameworks",
				);
				MARKETING_VERSION = 1.0;
				PRODUCT_BUNDLE_IDENTIFIER = "com.g0ld2k.Sport-Scores";
				PRODUCT_NAME = "$(TARGET_NAME)";
				SWIFT_EMIT_LOC_STRINGS = YES;
				SWIFT_VERSION = 5.0;
				TARGETED_DEVICE_FAMILY = "1,2";
			};
			name = Release;
		};
		83BAEB20273CBDCD008B1A45 /* Debug */ = {
			isa = XCBuildConfiguration;
			buildSettings = {
				ALWAYS_EMBED_SWIFT_STANDARD_LIBRARIES = YES;
				BUNDLE_LOADER = "$(TEST_HOST)";
				CODE_SIGN_STYLE = Automatic;
				CURRENT_PROJECT_VERSION = 1;
				DEVELOPMENT_TEAM = M3EDHBHQ38;
				GENERATE_INFOPLIST_FILE = YES;
				IPHONEOS_DEPLOYMENT_TARGET = 15.0;
				LD_RUNPATH_SEARCH_PATHS = (
					"$(inherited)",
					"@executable_path/Frameworks",
					"@loader_path/Frameworks",
				);
				MARKETING_VERSION = 1.0;
				PRODUCT_BUNDLE_IDENTIFIER = "com.g0ld2k.Sport-ScoresTests";
				PRODUCT_NAME = "$(TARGET_NAME)";
				SWIFT_EMIT_LOC_STRINGS = NO;
				SWIFT_VERSION = 5.0;
				TARGETED_DEVICE_FAMILY = "1,2";
				TEST_HOST = "$(BUILT_PRODUCTS_DIR)/Sport Scores.app/Sport Scores";
			};
			name = Debug;
		};
		83BAEB21273CBDCD008B1A45 /* Release */ = {
			isa = XCBuildConfiguration;
			buildSettings = {
				ALWAYS_EMBED_SWIFT_STANDARD_LIBRARIES = YES;
				BUNDLE_LOADER = "$(TEST_HOST)";
				CODE_SIGN_STYLE = Automatic;
				CURRENT_PROJECT_VERSION = 1;
				DEVELOPMENT_TEAM = M3EDHBHQ38;
				GENERATE_INFOPLIST_FILE = YES;
				IPHONEOS_DEPLOYMENT_TARGET = 15.0;
				LD_RUNPATH_SEARCH_PATHS = (
					"$(inherited)",
					"@executable_path/Frameworks",
					"@loader_path/Frameworks",
				);
				MARKETING_VERSION = 1.0;
				PRODUCT_BUNDLE_IDENTIFIER = "com.g0ld2k.Sport-ScoresTests";
				PRODUCT_NAME = "$(TARGET_NAME)";
				SWIFT_EMIT_LOC_STRINGS = NO;
				SWIFT_VERSION = 5.0;
				TARGETED_DEVICE_FAMILY = "1,2";
				TEST_HOST = "$(BUILT_PRODUCTS_DIR)/Sport Scores.app/Sport Scores";
			};
			name = Release;
		};
		83BAEB23273CBDCD008B1A45 /* Debug */ = {
			isa = XCBuildConfiguration;
			buildSettings = {
				ALWAYS_EMBED_SWIFT_STANDARD_LIBRARIES = YES;
				CODE_SIGN_STYLE = Automatic;
				CURRENT_PROJECT_VERSION = 1;
				DEVELOPMENT_TEAM = M3EDHBHQ38;
				GENERATE_INFOPLIST_FILE = YES;
				LD_RUNPATH_SEARCH_PATHS = (
					"$(inherited)",
					"@executable_path/Frameworks",
					"@loader_path/Frameworks",
				);
				MARKETING_VERSION = 1.0;
				PRODUCT_BUNDLE_IDENTIFIER = "com.g0ld2k.Sport-ScoresUITests";
				PRODUCT_NAME = "$(TARGET_NAME)";
				SWIFT_EMIT_LOC_STRINGS = NO;
				SWIFT_VERSION = 5.0;
				TARGETED_DEVICE_FAMILY = "1,2";
				TEST_TARGET_NAME = "Sport Scores";
			};
			name = Debug;
		};
		83BAEB24273CBDCD008B1A45 /* Release */ = {
			isa = XCBuildConfiguration;
			buildSettings = {
				ALWAYS_EMBED_SWIFT_STANDARD_LIBRARIES = YES;
				CODE_SIGN_STYLE = Automatic;
				CURRENT_PROJECT_VERSION = 1;
				DEVELOPMENT_TEAM = M3EDHBHQ38;
				GENERATE_INFOPLIST_FILE = YES;
				LD_RUNPATH_SEARCH_PATHS = (
					"$(inherited)",
					"@executable_path/Frameworks",
					"@loader_path/Frameworks",
				);
				MARKETING_VERSION = 1.0;
				PRODUCT_BUNDLE_IDENTIFIER = "com.g0ld2k.Sport-ScoresUITests";
				PRODUCT_NAME = "$(TARGET_NAME)";
				SWIFT_EMIT_LOC_STRINGS = NO;
				SWIFT_VERSION = 5.0;
				TARGETED_DEVICE_FAMILY = "1,2";
				TEST_TARGET_NAME = "Sport Scores";
			};
			name = Release;
		};
/* End XCBuildConfiguration section */

/* Begin XCConfigurationList section */
		83BAEAF3273CBDCC008B1A45 /* Build configuration list for PBXProject "Sport Scores" */ = {
			isa = XCConfigurationList;
			buildConfigurations = (
				83BAEB1A273CBDCD008B1A45 /* Debug */,
				83BAEB1B273CBDCD008B1A45 /* Release */,
			);
			defaultConfigurationIsVisible = 0;
			defaultConfigurationName = Release;
		};
		83BAEB1C273CBDCD008B1A45 /* Build configuration list for PBXNativeTarget "Sport Scores" */ = {
			isa = XCConfigurationList;
			buildConfigurations = (
				83BAEB1D273CBDCD008B1A45 /* Debug */,
				83BAEB1E273CBDCD008B1A45 /* Release */,
			);
			defaultConfigurationIsVisible = 0;
			defaultConfigurationName = Release;
		};
		83BAEB1F273CBDCD008B1A45 /* Build configuration list for PBXNativeTarget "Sport ScoresTests" */ = {
			isa = XCConfigurationList;
			buildConfigurations = (
				83BAEB20273CBDCD008B1A45 /* Debug */,
				83BAEB21273CBDCD008B1A45 /* Release */,
			);
			defaultConfigurationIsVisible = 0;
			defaultConfigurationName = Release;
		};
		83BAEB22273CBDCD008B1A45 /* Build configuration list for PBXNativeTarget "Sport ScoresUITests" */ = {
			isa = XCConfigurationList;
			buildConfigurations = (
				83BAEB23273CBDCD008B1A45 /* Debug */,
				83BAEB24273CBDCD008B1A45 /* Release */,
			);
			defaultConfigurationIsVisible = 0;
			defaultConfigurationName = Release;
		};
/* End XCConfigurationList section */
	};
	rootObject = 83BAEAF0273CBDCC008B1A45 /* Project object */;
}
